
Microsoft Visual Studio Solution File, Format Version 12.00
# Visual Studio 15
VisualStudioVersion = 15.0.28010.2003
MinimumVisualStudioVersion = 10.0.40219.1
Project("{FAE04EC0-301F-11D3-BF4B-00C04F79EFBC}") = "ManagedSolutionSitemapFixer", "ManagedSolutionSitemapFixer\ManagedSolutionSitemapFixer.csproj", "{32392E57-BE54-48A4-888D-4470BA3E7171}"
EndProject
Project("{FAE04EC0-301F-11D3-BF4B-00C04F79EFBC}") = "ManagedSolutionSitemapFixer.Tests", "ManagedSolutionSitemapFixer.Tests\ManagedSolutionSitemapFixer.Tests.csproj", "{EF77BA76-FA5B-4671-A7D5-C65F9B3B1145}"
EndProject
Project("{2150E333-8FDC-42A3-9474-1A3956D46DE8}") = "Nuget", "Nuget", "{24807BA8-F9E1-43C2-A797-CB892C60B51C}"
	ProjectSection(SolutionItems) = preProject
		NuGet\CrmDev365.XrmToolBox.CrmManagedSolutionSitemapFixer.1.0.0.nupkg = NuGet\CrmDev365.XrmToolBox.CrmManagedSolutionSitemapFixer.1.0.0.nupkg
		NuGet\CrmDev365.XrmToolBox.CrmManagedSolutionSitemapFixer.1.0.1.nupkg = NuGet\CrmDev365.XrmToolBox.CrmManagedSolutionSitemapFixer.1.0.1.nupkg
		NuGet\CrmDev365.XrmToolBox.CrmManagedSolutionSitemapFixer.1.0.2.nupkg = NuGet\CrmDev365.XrmToolBox.CrmManagedSolutionSitemapFixer.1.0.2.nupkg
	EndProjectSection
EndProject
Global
	GlobalSection(SolutionConfigurationPlatforms) = preSolution
		Debug|Any CPU = Debug|Any CPU
		Release|Any CPU = Release|Any CPU
	EndGlobalSection
	GlobalSection(ProjectConfigurationPlatforms) = postSolution
		{32392E57-BE54-48A4-888D-4470BA3E7171}.Debug|Any CPU.ActiveCfg = Debug|Any CPU
		{32392E57-BE54-48A4-888D-4470BA3E7171}.Debug|Any CPU.Build.0 = Debug|Any CPU
		{32392E57-BE54-48A4-888D-4470BA3E7171}.Release|Any CPU.ActiveCfg = Release|Any CPU
		{32392E57-BE54-48A4-888D-4470BA3E7171}.Release|Any CPU.Build.0 = Release|Any CPU
		{EF77BA76-FA5B-4671-A7D5-C65F9B3B1145}.Debug|Any CPU.ActiveCfg = Debug|Any CPU
		{EF77BA76-FA5B-4671-A7D5-C65F9B3B1145}.Debug|Any CPU.Build.0 = Debug|Any CPU
		{EF77BA76-FA5B-4671-A7D5-C65F9B3B1145}.Release|Any CPU.ActiveCfg = Release|Any CPU
		{EF77BA76-FA5B-4671-A7D5-C65F9B3B1145}.Release|Any CPU.Build.0 = Release|Any CPU
	EndGlobalSection
	GlobalSection(SolutionProperties) = preSolution
		HideSolutionNode = FALSE
	EndGlobalSection
	GlobalSection(ExtensibilityGlobals) = postSolution
		SolutionGuid = {E74F4364-D304-4771-AA68-59A612A08CC3}
	EndGlobalSection
EndGlobal
